
Microsoft Visual Studio Solution File, Format Version 12.00
# Visual Studio Version 17
VisualStudioVersion = 17.11.35327.3
MinimumVisualStudioVersion = 10.0.40219.1
Project("{FAE04EC0-301F-11D3-BF4B-00C04F79EFBC}") = "MarvelApp", "MarvelApp\MarvelApp.csproj", "{AE4BF4EB-C6B3-449F-B060-20D0EC9E0850}"
EndProject
Global
	GlobalSection(SolutionConfigurationPlatforms) = preSolution
		Debug|Any CPU = Debug|Any CPU
		Release|Any CPU = Release|Any CPU
	EndGlobalSection
	GlobalSection(ProjectConfigurationPlatforms) = postSolution
		{AE4BF4EB-C6B3-449F-B060-20D0EC9E0850}.Debug|Any CPU.ActiveCfg = Debug|Any CPU
		{AE4BF4EB-C6B3-449F-B060-20D0EC9E0850}.Debug|Any CPU.Build.0 = Debug|Any CPU
		{AE4BF4EB-C6B3-449F-B060-20D0EC9E0850}.Release|Any CPU.ActiveCfg = Release|Any CPU
		{AE4BF4EB-C6B3-449F-B060-20D0EC9E0850}.Release|Any CPU.Build.0 = Release|Any CPU
	EndGlobalSection
	GlobalSection(SolutionProperties) = preSolution
		HideSolutionNode = FALSE
	EndGlobalSection
	GlobalSection(ExtensibilityGlobals) = postSolution
		SolutionGuid = {0B6A255E-08B3-4E24-A9B9-FE8C33309178}
	EndGlobalSection
EndGlobal
